PODS:
  - Flutter (1.0.0)
  - google_mlkit_commons (0.9.0):
    - Flutter
    - MLKitVision
  - google_mlkit_image_labeling (0.13.0):
    - Flutter
    - google_mlkit_commons
    - GoogleMLKit/ImageLabeling (~> 7.0.0)
    - GoogleMLKit/ImageLabelingCustom (~> 7.0.0)
  - google_mlkit_text_recognition (0.14.0):
    - Flutter
    - google_mlkit_commons
    - GoogleMLKit/TextRecognition (~> 7.0.0)
  - GoogleDataTransport (10.1.0):
    - nanopb (~> 3.30910.0)
    - PromisesObjC (~> 2.4)
  - GoogleMLKit/ImageLabeling (7.0.0):
    - GoogleMLKit/MLKitCore
    - MLKitImageLabeling (~> 6.0.0)
  - GoogleMLKit/ImageLabelingCustom (7.0.0):
    - GoogleMLKit/MLKitCore
    - MLKitImageLabelingCustom (~> 6.0.0)
  - GoogleMLKit/MLKitCore (7.0.0):
    - MLKitCommon (~> 12.0.0)
  - GoogleMLKit/TextRecognition (7.0.0):
    - GoogleMLKit/MLKitCore
    - MLKitTextRecognition (~> 5.0.0)
  - GoogleToolboxForMac/Defines (4.2.1)
  - GoogleToolboxForMac/Logger (4.2.1):
    - GoogleToolboxForMac/Defines (= 4.2.1)
  - "GoogleToolboxForMac/NSData+zlib (4.2.1)":
    - GoogleToolboxForMac/Defines (= 4.2.1)
  - GoogleUtilities/Environment (8.1.0):
    - GoogleUtilities/Privacy
  - GoogleUtilities/Logger (8.1.0):
    - GoogleUtilities/Environment
    - GoogleUtilities/Privacy
  - GoogleUtilities/Privacy (8.1.0)
  - GoogleUtilities/UserDefaults (8.1.0):
    - GoogleUtilities/Logger
    - GoogleUtilities/Privacy
  - GTMSessionFetcher/Core (3.5.0)
  - image_picker_ios (0.0.1):
    - Flutter
  - MLImage (1.0.0-beta6)
  - MLKitCommon (12.0.0):
    - GoogleDataTransport (~> 10.0)
    - GoogleToolboxForMac/Logger (< 5.0, >= 4.2.1)
    - "GoogleToolboxForMac/NSData+zlib (< 5.0, >= 4.2.1)"
    - GoogleUtilities/Logger (~> 8.0)
    - GoogleUtilities/UserDefaults (~> 8.0)
    - GTMSessionFetcher/Core (< 4.0, >= 3.3.2)
  - MLKitImageLabeling (6.0.0):
    - MLKitCommon (~> 12.0)
    - MLKitImageLabelingCommon (~> 8.0)
    - MLKitVision (~> 8.0)
    - MLKitVisionKit (~> 9.0)
  - MLKitImageLabelingCommon (8.0.0):
    - MLKitCommon (~> 12.0)
    - MLKitVision (~> 8.0)
  - MLKitImageLabelingCustom (6.0.0):
    - MLKitCommon (~> 12.0)
    - MLKitImageLabelingCommon (~> 8.0)
    - MLKitVision (~> 8.0)
    - MLKitVisionKit (~> 9.0)
  - MLKitObjectDetectionCommon (8.0.0):
    - MLKitCommon (~> 12.0)
    - MLKitVision (~> 8.0)
  - MLKitTextRecognition (5.0.0):
    - MLKitCommon (~> 12.0)
    - MLKitTextRecognitionCommon (= 4.0.0)
    - MLKitVision (~> 8.0)
  - MLKitTextRecognitionCommon (4.0.0):
    - MLKitCommon (~> 12.0)
    - MLKitVision (~> 8.0)
  - MLKitVision (8.0.0):
    - GoogleToolboxForMac/Logger (< 5.0, >= 4.2.1)
    - "GoogleToolboxForMac/NSData+zlib (< 5.0, >= 4.2.1)"
    - GTMSessionFetcher/Core (< 4.0, >= 3.3.2)
    - MLImage (= 1.0.0-beta6)
    - MLKitCommon (~> 12.0)
  - MLKitVisionKit (9.0.0):
    - MLKitCommon (~> 12.0)
    - MLKitImageLabelingCommon (~> 8.0)
    - MLKitObjectDetectionCommon (~> 8.0)
    - MLKitVision (~> 8.0)
  - nanopb (3.30910.0):
    - nanopb/decode (= 3.30910.0)
    - nanopb/encode (= 3.30910.0)
  - nanopb/decode (3.30910.0)
  - nanopb/encode (3.30910.0)
  - permission_handler_apple (9.3.0):
    - Flutter
  - PromisesObjC (2.4.0)

DEPENDENCIES:
  - Flutter (from `Flutter`)
  - google_mlkit_commons (from `.symlinks/plugins/google_mlkit_commons/ios`)
  - google_mlkit_image_labeling (from `.symlinks/plugins/google_mlkit_image_labeling/ios`)
  - google_mlkit_text_recognition (from `.symlinks/plugins/google_mlkit_text_recognition/ios`)
  - image_picker_ios (from `.symlinks/plugins/image_picker_ios/ios`)
  - permission_handler_apple (from `.symlinks/plugins/permission_handler_apple/ios`)

SPEC REPOS:
  trunk:
    - GoogleDataTransport
    - GoogleMLKit
    - GoogleToolboxForMac
    - GoogleUtilities
    - GTMSessionFetcher
    - MLImage
    - MLKitCommon
    - MLKitImageLabeling
    - MLKitImageLabelingCommon
    - MLKitImageLabelingCustom
    - MLKitObjectDetectionCommon
    - MLKitTextRecognition
    - MLKitTextRecognitionCommon
    - MLKitVision
    - MLKitVisionKit
    - nanopb
    - PromisesObjC

EXTERNAL SOURCES:
  Flutter:
    :path: Flutter
  google_mlkit_commons:
    :path: ".symlinks/plugins/google_mlkit_commons/ios"
  google_mlkit_image_labeling:
    :path: ".symlinks/plugins/google_mlkit_image_labeling/ios"
  google_mlkit_text_recognition:
    :path: ".symlinks/plugins/google_mlkit_text_recognition/ios"
  image_picker_ios:
    :path: ".symlinks/plugins/image_picker_ios/ios"
  permission_handler_apple:
    :path: ".symlinks/plugins/permission_handler_apple/ios"

SPEC CHECKSUMS:
  Flutter: cabc95a1d2626b1b06e7179b784ebcf0c0cde467
  google_mlkit_commons: 92c769cc2e0a2bfdeb3c38091a36e8a9cc8c63d4
  google_mlkit_image_labeling: e01dfa7cf050b00f8db79e37ae385c0f4ea82de6
  google_mlkit_text_recognition: d70cc1ed5064db39fce44d77b2c5449adc39a13d
  GoogleDataTransport: aae35b7ea0c09004c3797d53c8c41f66f219d6a7
  GoogleMLKit: eff9e23ec1d90ea4157a1ee2e32a4f610c5b3318
  GoogleToolboxForMac: d1a2cbf009c453f4d6ded37c105e2f67a32206d8
  GoogleUtilities: 00c88b9a86066ef77f0da2fab05f65d7768ed8e1
  GTMSessionFetcher: 5aea5ba6bd522a239e236100971f10cb71b96ab6
  image_picker_ios: e0ece4aa2a75771a7de3fa735d26d90817041326
  MLImage: 0ad1c5f50edd027672d8b26b0fee78a8b4a0fc56
  MLKitCommon: 07c2c33ae5640e5380beaaa6e4b9c249a205542d
  MLKitImageLabeling: 7f052589de9ffde213bc2c26854d212ea4dde17a
  MLKitImageLabelingCommon: 23f0c9037c2c6433784db594bd1bb87173172fe9
  MLKitImageLabelingCustom: 594c49fa1bb809ec05215bb4ac1c15729c7a601a
  MLKitObjectDetectionCommon: 0198709a728984e3b6fac98a5fa53a8042880336
  MLKitTextRecognition: 3b41f3ff084a79afb214408d25d2068d77ab322c
  MLKitTextRecognitionCommon: cd44577a8c506fc6bba065096de03bec0d01a213
  MLKitVision: 45e79d68845a2de77e2dd4d7f07947f0ed157b0e
  MLKitVisionKit: 8a7abd5f11aeb1add2942a694c2685eca422a849
  nanopb: fad817b59e0457d11a5dfbde799381cd727c1275
  permission_handler_apple: 4ed2196e43d0651e8ff7ca3483a069d469701f2d
  PromisesObjC: f5707f49cb48b9636751c5b2e7d227e43fba9f47

PODFILE CHECKSUM: 46ef1a4707f7a7cc7d1671519b7097883ecf9cfc

COCOAPODS: 1.16.2
